
Microsoft Visual Studio Solution File, Format Version 12.00
# Visual Studio Version 17
VisualStudioVersion = 17.14.36603.0
MinimumVisualStudioVersion = 10.0.40219.1
Project("{FAE04EC0-301F-11D3-BF4B-00C04F79EFBC}") = "TTA_ZOHO", "TTA_ZOHO.csproj", "{F8521B14-167F-43DC-B322-E50B3AA5DBCC}"
EndProject
Global
	GlobalSection(SolutionConfigurationPlatforms) = preSolution
		Debug|Any CPU = Debug|Any CPU
		Release|Any CPU = Release|Any CPU
	EndGlobalSection
	GlobalSection(ProjectConfigurationPlatforms) = postSolution
		{F8521B14-167F-43DC-B322-E50B3AA5DBCC}.Debug|Any CPU.ActiveCfg = Debug|Any CPU
		{F8521B14-167F-43DC-B322-E50B3AA5DBCC}.Debug|Any CPU.Build.0 = Debug|Any CPU
		{F8521B14-167F-43DC-B322-E50B3AA5DBCC}.Release|Any CPU.ActiveCfg = Release|Any CPU
		{F8521B14-167F-43DC-B322-E50B3AA5DBCC}.Release|Any CPU.Build.0 = Release|Any CPU
	EndGlobalSection
	GlobalSection(SolutionProperties) = preSolution
		HideSolutionNode = FALSE
	EndGlobalSection
	GlobalSection(ExtensibilityGlobals) = postSolution
		SolutionGuid = {50A06CDD-AFA6-4457-85BA-2D25CE5DAAB8}
	EndGlobalSection
EndGlobal
